{
  "name": "angularjs",
  "version": "1.0.0",
  "lockfileVersion": 1,
  "requires": true,
  "dependencies": {
    "angular": {
      "version": "1.7.9",
      "resolved": "https://registry.npmjs.org/angular/-/angular-1.7.9.tgz",
      "integrity": "sha512-5se7ZpcOtu0MBFlzGv5dsM1quQDoDeUTwZrWjGtTNA7O88cD8TEk5IEKCTDa3uECV9XnvKREVUr7du1ACiWGFQ=="
    },
    "angular-ui-grid": {
      "version": "4.8.1",
      "resolved": "https://registry.npmjs.org/angular-ui-grid/-/angular-ui-grid-4.8.1.tgz",
      "integrity": "sha512-yh308RVd/UWtdZhROBDtMx4nEaoIDoz4/Rjb6+1jTmb5klIaCXGV5CXprJJXgxku/9zV+GR/G62ok4JbZ3lLpw==",
      "requires": {
        "angular": ">=1.4.0 1.7.x"
      }
    },
    "animate.js": {
      "version": "1.4.1",
      "resolved": "https://registry.npmjs.org/animate.js/-/animate.js-1.4.1.tgz",
      "integrity": "sha512-sRpKgg/0A+5UMBdZ8kv39iU1aFWaOa24+lymK7mmt8UmXTC3lRiShd9ElqaXUIbpcnnm2LiLqVCa8qY27M93mw=="
    }
  }
}
